// !$*UTF8*$!
{
	archiveVersion = 1;
	classes = {
	};
	objectVersion = 46;
	objects = {

/* Begin PBXBuildFile section */
		617854421F816748003E6D51 /* studentrecord.cpp in Sources */ = {isa = PBXBuildFile; fileRef = 617854401F816748003E6D51 /* studentrecord.cpp */; };
		617854451F816D36003E6D51 /* treenode.cpp in Sources */ = {isa = PBXBuildFile; fileRef = 617854431F816D36003E6D51 /* treenode.cpp */; };
		617854481F8170B4003E6D51 /* tree.cpp in Sources */ = {isa = PBXBuildFile; fileRef = 617854461F8170B4003E6D51 /* tree.cpp */; };
		61D0972B1F7A988300D28113 /* main.cpp in Sources */ = {isa = PBXBuildFile; fileRef = 61D0972A1F7A988300D28113 /* main.cpp */; };
/* End PBXBuildFile section */

/* Begin PBXCopyFilesBuildPhase section */
		61D097251F7A988300D28113 /* CopyFiles */ = {
			isa = PBXCopyFilesBuildPhase;
			buildActionMask = 2147483647;
			dstPath = /usr/share/man/man1/;
			dstSubfolderSpec = 0;
			files = (
			);
			runOnlyForDeploymentPostprocessing = 1;
		};
/* End PBXCopyFilesBuildPhase section */

/* Begin PBXFileReference section */
		617854401F816748003E6D51 /* studentrecord.cpp */ = {isa = PBXFileReference; fileEncoding = 4; lastKnownFileType = sourcecode.cpp.cpp; path = studentrecord.cpp; sourceTree = "<group>"; };
		617854411F816748003E6D51 /* studentrecord.hpp */ = {isa = PBXFileReference; fileEncoding = 4; lastKnownFileType = sourcecode.cpp.h; path = studentrecord.hpp; sourceTree = "<group>"; };
		617854431F816D36003E6D51 /* treenode.cpp */ = {isa = PBXFileReference; fileEncoding = 4; lastKnownFileType = sourcecode.cpp.cpp; path = treenode.cpp; sourceTree = "<group>"; };
		617854441F816D36003E6D51 /* treenode.hpp */ = {isa = PBXFileReference; fileEncoding = 4; lastKnownFileType = sourcecode.cpp.h; path = treenode.hpp; sourceTree = "<group>"; };
		617854461F8170B4003E6D51 /* tree.cpp */ = {isa = PBXFileReference; fileEncoding = 4; lastKnownFileType = sourcecode.cpp.cpp; path = tree.cpp; sourceTree = "<group>"; };
		617854471F8170B4003E6D51 /* tree.hpp */ = {isa = PBXFileReference; fileEncoding = 4; lastKnownFileType = sourcecode.cpp.h; path = tree.hpp; sourceTree = "<group>"; };
		61D097271F7A988300D28113 /* 2-4tree */ = {isa = PBXFileReference; explicitFileType = "compiled.mach-o.executable"; includeInIndex = 0; path = "2-4tree"; sourceTree = BUILT_PRODUCTS_DIR; };
		61D0972A1F7A988300D28113 /* main.cpp */ = {isa = PBXFileReference; lastKnownFileType = sourcecode.cpp.cpp; path = main.cpp; sourceTree = "<group>"; };
/* End PBXFileReference section */

/* Begin PBXFrameworksBuildPhase section */
		61D097241F7A988300D28113 /* Frameworks */ = {
			isa = PBXFrameworksBuildPhase;
			buildActionMask = 2147483647;
			files = (
			);
			runOnlyForDeploymentPostprocessing = 0;
		};
/* End PBXFrameworksBuildPhase section */

/* Begin PBXGroup section */
		61D0971E1F7A988300D28113 = {
			isa = PBXGroup;
			children = (
				61D097291F7A988300D28113 /* 2-4tree */,
				61D097281F7A988300D28113 /* Products */,
			);
			sourceTree = "<group>";
		};
		61D097281F7A988300D28113 /* Products */ = {
			isa = PBXGroup;
			children = (
				61D097271F7A988300D28113 /* 2-4tree */,
			);
			name = Products;
			sourceTree = "<group>";
		};
		61D097291F7A988300D28113 /* 2-4tree */ = {
			isa = PBXGroup;
			children = (
				61D0972A1F7A988300D28113 /* main.cpp */,
				617854401F816748003E6D51 /* studentrecord.cpp */,
				617854411F816748003E6D51 /* studentrecord.hpp */,
				617854431F816D36003E6D51 /* treenode.cpp */,
				617854441F816D36003E6D51 /* treenode.hpp */,
				617854461F8170B4003E6D51 /* tree.cpp */,
				617854471F8170B4003E6D51 /* tree.hpp */,
			);
			path = "2-4tree";
			sourceTree = "<group>";
		};
/* End PBXGroup section */

/* Begin PBXNativeTarget section */
		61D097261F7A988300D28113 /* 2-4tree */ = {
			isa = PBXNativeTarget;
			buildConfigurationList = 61D0972E1F7A988300D28113 /* Build configuration list for PBXNativeTarget "2-4tree" */;
			buildPhases = (
				61D097231F7A988300D28113 /* Sources */,
				61D097241F7A988300D28113 /* Frameworks */,
				61D097251F7A988300D28113 /* CopyFiles */,
			);
			buildRules = (
			);
			dependencies = (
			);
			name = "2-4tree";
			productName = "2-4tree";
			productReference = 61D097271F7A988300D28113 /* 2-4tree */;
			productType = "com.apple.product-type.tool";
		};
/* End PBXNativeTarget section */

/* Begin PBXProject section */
		61D0971F1F7A988300D28113 /* Project object */ = {
			isa = PBXProject;
			attributes = {
				LastUpgradeCheck = 0830;
				ORGANIZATIONNAME = MotaWolley;
				TargetAttributes = {
					61D097261F7A988300D28113 = {
						CreatedOnToolsVersion = 8.3.3;
						ProvisioningStyle = Automatic;
					};
				};
			};
			buildConfigurationList = 61D097221F7A988300D28113 /* Build configuration list for PBXProject "2-4tree" */;
			compatibilityVersion = "Xcode 3.2";
			developmentRegion = English;
			hasScannedForEncodings = 0;
			knownRegions = (
				en,
			);
			mainGroup = 61D0971E1F7A988300D28113;
			productRefGroup = 61D097281F7A988300D28113 /* Products */;
			projectDirPath = "";
			projectRoot = "";
			targets = (
				61D097261F7A988300D28113 /* 2-4tree */,
			);
		};
/* End PBXProject section */

/* Begin PBXSourcesBuildPhase section */
		61D097231F7A988300D28113 /* Sources */ = {
			isa = PBXSourcesBuildPhase;
			buildActionMask = 2147483647;
			files = (
				617854451F816D36003E6D51 /* treenode.cpp in Sources */,
				617854481F8170B4003E6D51 /* tree.cpp in Sources */,
				617854421F816748003E6D51 /* studentrecord.cpp in Sources */,
				61D0972B1F7A988300D28113 /* main.cpp in Sources */,
			);
			runOnlyForDeploymentPostprocessing = 0;
		};
/* End PBXSourcesBuildPhase section */

/* Begin XCBuildConfiguration section */
		61D0972C1F7A988300D28113 /* Debug */ = {
			isa = XCBuildConfiguration;
			buildSettings = {
				ALWAYS_SEARCH_USER_PATHS = NO;
				CLANG_ANALYZER_NONNULL = YES;
				CLANG_ANALYZER_NUMBER_OBJECT_CONVERSION = YES_AGGRESSIVE;
				CLANG_CXX_LANGUAGE_STANDARD = "gnu++0x";
				CLANG_CXX_LIBRARY = "libc++";
				CLANG_ENABLE_MODULES = YES;
				CLANG_ENABLE_OBJC_ARC = YES;
				CLANG_WARN_BOOL_CONVERSION = YES;
				CLANG_WARN_CONSTANT_CONVERSION = YES;
				CLANG_WARN_DIRECT_OBJC_ISA_USAGE = YES_ERROR;
				CLANG_WARN_DOCUMENTATION_COMMENTS = YES;
				CLANG_WARN_EMPTY_BODY = YES;
				CLANG_WARN_ENUM_CONVERSION = YES;
				CLANG_WARN_INFINITE_RECURSION = YES;
				CLANG_WARN_INT_CONVERSION = YES;
				CLANG_WARN_OBJC_ROOT_CLASS = YES_ERROR;
				CLANG_WARN_SUSPICIOUS_MOVE = YES;
				CLANG_WARN_UNREACHABLE_CODE = YES;
				CLANG_WARN__DUPLICATE_METHOD_MATCH = YES;
				CODE_SIGN_IDENTITY = "-";
				COPY_PHASE_STRIP = NO;
				DEBUG_INFORMATION_FORMAT = dwarf;
				ENABLE_STRICT_OBJC_MSGSEND = YES;
				ENABLE_TESTABILITY = YES;
				GCC_C_LANGUAGE_STANDARD = gnu99;
				GCC_DYNAMIC_NO_PIC = NO;
				GCC_NO_COMMON_BLOCKS = YES;
				GCC_OPTIMIZATION_LEVEL = 0;
				GCC_PREPROCESSOR_DEFINITIONS = (
					"DEBUG=1",
					"$(inherited)",
				);
				GCC_WARN_64_TO_32_BIT_CONVERSION = YES;
				GCC_WARN_ABOUT_RETURN_TYPE = YES_ERROR;
				GCC_WARN_UNDECLARED_SELECTOR = YES;
				GCC_WARN_UNINITIALIZED_AUTOS = YES_AGGRESSIVE;
				GCC_WARN_UNUSED_FUNCTION = YES;
				GCC_WARN_UNUSED_VARIABLE = YES;
				MACOSX_DEPLOYMENT_TARGET = 10.12;
				MTL_ENABLE_DEBUG_INFO = YES;
				ONLY_ACTIVE_ARCH = YES;
				SDKROOT = macosx;
			};
			name = Debug;
		};
		61D0972D1F7A988300D28113 /* Release */ = {
			isa = XCBuildConfiguration;
			buildSettings = {
				ALWAYS_SEARCH_USER_PATHS = NO;
				CLANG_ANALYZER_NONNULL = YES;
				CLANG_ANALYZER_NUMBER_OBJECT_CONVERSION = YES_AGGRESSIVE;
				CLANG_CXX_LANGUAGE_STANDARD = "gnu++0x";
				CLANG_CXX_LIBRARY = "libc++";
				CLANG_ENABLE_MODULES = YES;
				CLANG_ENABLE_OBJC_ARC = YES;
				CLANG_WARN_BOOL_CONVERSION = YES;
				CLANG_WARN_CONSTANT_CONVERSION = YES;
				CLANG_WARN_DIRECT_OBJC_ISA_USAGE = YES_ERROR;
				CLANG_WARN_DOCUMENTATION_COMMENTS = YES;
				CLANG_WARN_EMPTY_BODY = YES;
				CLANG_WARN_ENUM_CONVERSION = YES;
				CLANG_WARN_INFINITE_RECURSION = YES;
				CLANG_WARN_INT_CONVERSION = YES;
				CLANG_WARN_OBJC_ROOT_CLASS = YES_ERROR;
				CLANG_WARN_SUSPICIOUS_MOVE = YES;
				CLANG_WARN_UNREACHABLE_CODE = YES;
				CLANG_WARN__DUPLICATE_METHOD_MATCH = YES;
				CODE_SIGN_IDENTITY = "-";
				COPY_PHASE_STRIP = NO;
				DEBUG_INFORMATION_FORMAT = "dwarf-with-dsym";
				ENABLE_NS_ASSERTIONS = NO;
				ENABLE_STRICT_OBJC_MSGSEND = YES;
				GCC_C_LANGUAGE_STANDARD = gnu99;
				GCC_NO_COMMON_BLOCKS = YES;
				GCC_WARN_64_TO_32_BIT_CONVERSION = YES;
				GCC_WARN_ABOUT_RETURN_TYPE = YES_ERROR;
				GCC_WARN_UNDECLARED_SELECTOR = YES;
				GCC_WARN_UNINITIALIZED_AUTOS = YES_AGGRESSIVE;
				GCC_WARN_UNUSED_FUNCTION = YES;
				GCC_WARN_UNUSED_VARIABLE = YES;
				MACOSX_DEPLOYMENT_TARGET = 10.12;
				MTL_ENABLE_DEBUG_INFO = NO;
				SDKROOT = macosx;
			};
			name = Release;
		};
		61D0972F1F7A988300D28113 /* Debug */ = {
			isa = XCBuildConfiguration;
			buildSettings = {
				PRODUCT_NAME = "$(TARGET_NAME)";
			};
			name = Debug;
		};
		61D097301F7A988300D28113 /* Release */ = {
			isa = XCBuildConfiguration;
			buildSettings = {
				PRODUCT_NAME = "$(TARGET_NAME)";
			};
			name = Release;
		};
/* End XCBuildConfiguration section */

/* Begin XCConfigurationList section */
		61D097221F7A988300D28113 /* Build configuration list for PBXProject "2-4tree" */ = {
			isa = XCConfigurationList;
			buildConfigurations = (
				61D0972C1F7A988300D28113 /* Debug */,
				61D0972D1F7A988300D28113 /* Release */,
			);
			defaultConfigurationIsVisible = 0;
			defaultConfigurationName = Release;
		};
		61D0972E1F7A988300D28113 /* Build configuration list for PBXNativeTarget "2-4tree" */ = {
			isa = XCConfigurationList;
			buildConfigurations = (
				61D0972F1F7A988300D28113 /* Debug */,
				61D097301F7A988300D28113 /* Release */,
			);
			defaultConfigurationIsVisible = 0;
			defaultConfigurationName = Release;
		};
/* End XCConfigurationList section */
	};
	rootObject = 61D0971F1F7A988300D28113 /* Project object */;
}
